
Microsoft Visual Studio Solution File, Format Version 12.00
# Visual Studio Version 16
VisualStudioVersion = 16.0.33214.272
MinimumVisualStudioVersion = 10.0.40219.1
Project("{FAE04EC0-301F-11D3-BF4B-00C04F79EFBC}") = "ASP NET Core MVC Template", "ASP NET Core MVC Template.csproj", "{5892B71E-34F8-4260-8631-68F7ACA027F4}"
EndProject
Global
	GlobalSection(SolutionConfigurationPlatforms) = preSolution
		Debug|Any CPU = Debug|Any CPU
		Release|Any CPU = Release|Any CPU
	EndGlobalSection
	GlobalSection(ProjectConfigurationPlatforms) = postSolution
		{5892B71E-34F8-4260-8631-68F7ACA027F4}.Debug|Any CPU.ActiveCfg = Debug|Any CPU
		{5892B71E-34F8-4260-8631-68F7ACA027F4}.Debug|Any CPU.Build.0 = Debug|Any CPU
		{5892B71E-34F8-4260-8631-68F7ACA027F4}.Release|Any CPU.ActiveCfg = Release|Any CPU
		{5892B71E-34F8-4260-8631-68F7ACA027F4}.Release|Any CPU.Build.0 = Release|Any CPU
	EndGlobalSection
	GlobalSection(SolutionProperties) = preSolution
		HideSolutionNode = FALSE
	EndGlobalSection
	GlobalSection(ExtensibilityGlobals) = postSolution
		SolutionGuid = {8E47E989-25E0-49B4-B948-E907DA346A82}
	EndGlobalSection
EndGlobal
